// !$*UTF8*$!
{
	archiveVersion = 1;
	classes = {
	};
	objectVersion = 50;
	objects = {

/* Begin PBXBuildFile section */
		8AB1C2E4E7F6FB71143D940A /* Pods_InstaTests.framework in Frameworks */ = {isa = PBXBuildFile; fileRef = 8D10C62A4A87367AED2557AB /* Pods_InstaTests.framework */; };
		95B0F31D217AB76F008CB17B /* CreateAcctViewController.swift in Sources */ = {isa = PBXBuildFile; fileRef = 95B0F31C217AB76F008CB17B /* CreateAcctViewController.swift */; };
		95B0F320217BCAF1008CB17B /* Main.storyboard in Resources */ = {isa = PBXBuildFile; fileRef = 95B0F31F217BCAF1008CB17B /* Main.storyboard */; };
		95E10D2221715554000922C9 /* AppDelegate.swift in Sources */ = {isa = PBXBuildFile; fileRef = 95E10D2121715554000922C9 /* AppDelegate.swift */; };
		95E10D2721715554000922C9 /* Login.storyboard in Resources */ = {isa = PBXBuildFile; fileRef = 95E10D2521715554000922C9 /* Login.storyboard */; };
		95E10D2921715555000922C9 /* Assets.xcassets in Resources */ = {isa = PBXBuildFile; fileRef = 95E10D2821715555000922C9 /* Assets.xcassets */; };
		95E10D2C21715555000922C9 /* LaunchScreen.storyboard in Resources */ = {isa = PBXBuildFile; fileRef = 95E10D2A21715555000922C9 /* LaunchScreen.storyboard */; };
		95E10D3721715555000922C9 /* InstaTests.swift in Sources */ = {isa = PBXBuildFile; fileRef = 95E10D3621715555000922C9 /* InstaTests.swift */; };
		95E10D4221715555000922C9 /* InstaUITests.swift in Sources */ = {isa = PBXBuildFile; fileRef = 95E10D4121715555000922C9 /* InstaUITests.swift */; };
		95E10D5121715C03000922C9 /* LoginViewController.swift in Sources */ = {isa = PBXBuildFile; fileRef = 95E10D5021715C03000922C9 /* LoginViewController.swift */; };
		95F4F53421825945009A94E4 /* Home.storyboard in Resources */ = {isa = PBXBuildFile; fileRef = 95F4F53321825945009A94E4 /* Home.storyboard */; };
		95F4F53621825951009A94E4 /* Discover.storyboard in Resources */ = {isa = PBXBuildFile; fileRef = 95F4F53521825951009A94E4 /* Discover.storyboard */; };
		95F4F5382182595D009A94E4 /* Camera.storyboard in Resources */ = {isa = PBXBuildFile; fileRef = 95F4F5372182595D009A94E4 /* Camera.storyboard */; };
		95F4F53A2182596E009A94E4 /* Activity.storyboard in Resources */ = {isa = PBXBuildFile; fileRef = 95F4F5392182596E009A94E4 /* Activity.storyboard */; };
		95F4F53C2182597F009A94E4 /* Profile.storyboard in Resources */ = {isa = PBXBuildFile; fileRef = 95F4F53B2182597F009A94E4 /* Profile.storyboard */; };
		95F4F53F21825EA8009A94E4 /* HomeViewController.swift in Sources */ = {isa = PBXBuildFile; fileRef = 95F4F53E21825EA8009A94E4 /* HomeViewController.swift */; };
		95F4F54121825EBF009A94E4 /* DiscoverViewController.swift in Sources */ = {isa = PBXBuildFile; fileRef = 95F4F54021825EBF009A94E4 /* DiscoverViewController.swift */; };
		95F4F54321825ED2009A94E4 /* CameraViewController.swift in Sources */ = {isa = PBXBuildFile; fileRef = 95F4F54221825ED2009A94E4 /* CameraViewController.swift */; };
		95F4F54521825EE2009A94E4 /* ActivityViewController.swift in Sources */ = {isa = PBXBuildFile; fileRef = 95F4F54421825EE2009A94E4 /* ActivityViewController.swift */; };
		95F4F54721825EF5009A94E4 /* ProfileViewController.swift in Sources */ = {isa = PBXBuildFile; fileRef = 95F4F54621825EF5009A94E4 /* ProfileViewController.swift */; };
		95F4F5782187CDED009A94E4 /* GoogleService-Info.plist in Resources */ = {isa = PBXBuildFile; fileRef = 95F4F5772187CDED009A94E4 /* GoogleService-Info.plist */; };
		BB4858413F55E57033020A23 /* Pods_Insta.framework in Frameworks */ = {isa = PBXBuildFile; fileRef = 8E7E88EF333B6803560540CE /* Pods_Insta.framework */; };
		E86C02F66B02A50C78B4D70D /* Pods_InstaUITests.framework in Frameworks */ = {isa = PBXBuildFile; fileRef = 70FA1A592D58224ED7ED9119 /* Pods_InstaUITests.framework */; };
/* End PBXBuildFile section */

/* Begin PBXContainerItemProxy section */
		95E10D3321715555000922C9 /* PBXContainerItemProxy */ = {
			isa = PBXContainerItemProxy;
			containerPortal = 95E10D1621715553000922C9 /* Project object */;
			proxyType = 1;
			remoteGlobalIDString = 95E10D1D21715553000922C9;
			remoteInfo = Insta;
		};
		95E10D3E21715555000922C9 /* PBXContainerItemProxy */ = {
			isa = PBXContainerItemProxy;
			containerPortal = 95E10D1621715553000922C9 /* Project object */;
			proxyType = 1;
			remoteGlobalIDString = 95E10D1D21715553000922C9;
			remoteInfo = Insta;
		};
/* End PBXContainerItemProxy section */

/* Begin PBXFileReference section */
		4C5F3C4DEABBDECD4526E06A /* Pods-InstaUITests.debug.xcconfig */ = {isa = PBXFileReference; includeInIndex = 1; lastKnownFileType = text.xcconfig; name = "Pods-InstaUITests.debug.xcconfig"; path = "Pods/Target Support Files/Pods-InstaUITests/Pods-InstaUITests.debug.xcconfig"; sourceTree = "<group>"; };
		5D4298CB5889EE17DF6B39DB /* Pods-InstaTests.debug.xcconfig */ = {isa = PBXFileReference; includeInIndex = 1; lastKnownFileType = text.xcconfig; name = "Pods-InstaTests.debug.xcconfig"; path = "Pods/Target Support Files/Pods-InstaTests/Pods-InstaTests.debug.xcconfig"; sourceTree = "<group>"; };
		70FA1A592D58224ED7ED9119 /* Pods_InstaUITests.framework */ = {isa = PBXFileReference; explicitFileType = wrapper.framework; includeInIndex = 0; path = Pods_InstaUITests.framework; sourceTree = BUILT_PRODUCTS_DIR; };
		8D10C62A4A87367AED2557AB /* Pods_InstaTests.framework */ = {isa = PBXFileReference; explicitFileType = wrapper.framework; includeInIndex = 0; path = Pods_InstaTests.framework; sourceTree = BUILT_PRODUCTS_DIR; };
		8E7E88EF333B6803560540CE /* Pods_Insta.framework */ = {isa = PBXFileReference; explicitFileType = wrapper.framework; includeInIndex = 0; path = Pods_Insta.framework; sourceTree = BUILT_PRODUCTS_DIR; };
		95B0F31C217AB76F008CB17B /* CreateAcctViewController.swift */ = {isa = PBXFileReference; lastKnownFileType = sourcecode.swift; path = CreateAcctViewController.swift; sourceTree = "<group>"; };
		95B0F31F217BCAF1008CB17B /* Main.storyboard */ = {isa = PBXFileReference; lastKnownFileType = file.storyboard; path = Main.storyboard; sourceTree = "<group>"; };
		95E10D1E21715554000922C9 /* Insta.app */ = {isa = PBXFileReference; explicitFileType = wrapper.application; includeInIndex = 0; path = Insta.app; sourceTree = BUILT_PRODUCTS_DIR; };
		95E10D2121715554000922C9 /* AppDelegate.swift */ = {isa = PBXFileReference; lastKnownFileType = sourcecode.swift; path = AppDelegate.swift; sourceTree = "<group>"; };
		95E10D2621715554000922C9 /* Base */ = {isa = PBXFileReference; lastKnownFileType = file.storyboard; name = Base; path = Base.lproj/Login.storyboard; sourceTree = "<group>"; };
		95E10D2821715555000922C9 /* Assets.xcassets */ = {isa = PBXFileReference; lastKnownFileType = folder.assetcatalog; path = Assets.xcassets; sourceTree = "<group>"; };
		95E10D2B21715555000922C9 /* Base */ = {isa = PBXFileReference; lastKnownFileType = file.storyboard; name = Base; path = Base.lproj/LaunchScreen.storyboard; sourceTree = "<group>"; };
		95E10D2D21715555000922C9 /* Info.plist */ = {isa = PBXFileReference; lastKnownFileType = text.plist.xml; path = Info.plist; sourceTree = "<group>"; };
		95E10D3221715555000922C9 /* InstaTests.xctest */ = {isa = PBXFileReference; explicitFileType = wrapper.cfbundle; includeInIndex = 0; path = InstaTests.xctest; sourceTree = BUILT_PRODUCTS_DIR; };
		95E10D3621715555000922C9 /* InstaTests.swift */ = {isa = PBXFileReference; lastKnownFileType = sourcecode.swift; path = InstaTests.swift; sourceTree = "<group>"; };
		95E10D3821715555000922C9 /* Info.plist */ = {isa = PBXFileReference; lastKnownFileType = text.plist.xml; path = Info.plist; sourceTree = "<group>"; };
		95E10D3D21715555000922C9 /* InstaUITests.xctest */ = {isa = PBXFileReference; explicitFileType = wrapper.cfbundle; includeInIndex = 0; path = InstaUITests.xctest; sourceTree = BUILT_PRODUCTS_DIR; };
		95E10D4121715555000922C9 /* InstaUITests.swift */ = {isa = PBXFileReference; lastKnownFileType = sourcecode.swift; path = InstaUITests.swift; sourceTree = "<group>"; };
		95E10D4321715555000922C9 /* Info.plist */ = {isa = PBXFileReference; lastKnownFileType = text.plist.xml; path = Info.plist; sourceTree = "<group>"; };
		95E10D5021715C03000922C9 /* LoginViewController.swift */ = {isa = PBXFileReference; lastKnownFileType = sourcecode.swift; path = LoginViewController.swift; sourceTree = "<group>"; };
		95F4F53321825945009A94E4 /* Home.storyboard */ = {isa = PBXFileReference; lastKnownFileType = file.storyboard; path = Home.storyboard; sourceTree = "<group>"; };
		95F4F53521825951009A94E4 /* Discover.storyboard */ = {isa = PBXFileReference; lastKnownFileType = file.storyboard; path = Discover.storyboard; sourceTree = "<group>"; };
		95F4F5372182595D009A94E4 /* Camera.storyboard */ = {isa = PBXFileReference; lastKnownFileType = file.storyboard; path = Camera.storyboard; sourceTree = "<group>"; };
		95F4F5392182596E009A94E4 /* Activity.storyboard */ = {isa = PBXFileReference; lastKnownFileType = file.storyboard; path = Activity.storyboard; sourceTree = "<group>"; };
		95F4F53B2182597F009A94E4 /* Profile.storyboard */ = {isa = PBXFileReference; lastKnownFileType = file.storyboard; path = Profile.storyboard; sourceTree = "<group>"; };
		95F4F53E21825EA8009A94E4 /* HomeViewController.swift */ = {isa = PBXFileReference; lastKnownFileType = sourcecode.swift; path = HomeViewController.swift; sourceTree = "<group>"; };
		95F4F54021825EBF009A94E4 /* DiscoverViewController.swift */ = {isa = PBXFileReference; lastKnownFileType = sourcecode.swift; path = DiscoverViewController.swift; sourceTree = "<group>"; };
		95F4F54221825ED2009A94E4 /* CameraViewController.swift */ = {isa = PBXFileReference; lastKnownFileType = sourcecode.swift; path = CameraViewController.swift; sourceTree = "<group>"; };
		95F4F54421825EE2009A94E4 /* ActivityViewController.swift */ = {isa = PBXFileReference; lastKnownFileType = sourcecode.swift; path = ActivityViewController.swift; sourceTree = "<group>"; };
		95F4F54621825EF5009A94E4 /* ProfileViewController.swift */ = {isa = PBXFileReference; lastKnownFileType = sourcecode.swift; path = ProfileViewController.swift; sourceTree = "<group>"; };
		95F4F5772187CDED009A94E4 /* GoogleService-Info.plist */ = {isa = PBXFileReference; fileEncoding = 4; lastKnownFileType = text.plist.xml; path = "GoogleService-Info.plist"; sourceTree = "<group>"; };
		9FE22807F7A302FD54F2A4F5 /* Pods-Insta.debug.xcconfig */ = {isa = PBXFileReference; includeInIndex = 1; lastKnownFileType = text.xcconfig; name = "Pods-Insta.debug.xcconfig"; path = "Pods/Target Support Files/Pods-Insta/Pods-Insta.debug.xcconfig"; sourceTree = "<group>"; };
		AEE4D95C4C40B8276DBFC445 /* Pods-InstaUITests.release.xcconfig */ = {isa = PBXFileReference; includeInIndex = 1; lastKnownFileType = text.xcconfig; name = "Pods-InstaUITests.release.xcconfig"; path = "Pods/Target Support Files/Pods-InstaUITests/Pods-InstaUITests.release.xcconfig"; sourceTree = "<group>"; };
		C8B92B2F8B44A202DB699474 /* Pods-Insta.release.xcconfig */ = {isa = PBXFileReference; includeInIndex = 1; lastKnownFileType = text.xcconfig; name = "Pods-Insta.release.xcconfig"; path = "Pods/Target Support Files/Pods-Insta/Pods-Insta.release.xcconfig"; sourceTree = "<group>"; };
		D47C2BDFE7A745958D60E18B /* Pods-InstaTests.release.xcconfig */ = {isa = PBXFileReference; includeInIndex = 1; lastKnownFileType = text.xcconfig; name = "Pods-InstaTests.release.xcconfig"; path = "Pods/Target Support Files/Pods-InstaTests/Pods-InstaTests.release.xcconfig"; sourceTree = "<group>"; };
/* End PBXFileReference section */

/* Begin PBXFrameworksBuildPhase section */
		95E10D1B21715553000922C9 /* Frameworks */ = {
			isa = PBXFrameworksBuildPhase;
			buildActionMask = 2147483647;
			files = (
				BB4858413F55E57033020A23 /* Pods_Insta.framework in Frameworks */,
			);
			runOnlyForDeploymentPostprocessing = 0;
		};
		95E10D2F21715555000922C9 /* Frameworks */ = {
			isa = PBXFrameworksBuildPhase;
			buildActionMask = 2147483647;
			files = (
				8AB1C2E4E7F6FB71143D940A /* Pods_InstaTests.framework in Frameworks */,
			);
			runOnlyForDeploymentPostprocessing = 0;
		};
		95E10D3A21715555000922C9 /* Frameworks */ = {
			isa = PBXFrameworksBuildPhase;
			buildActionMask = 2147483647;
			files = (
				E86C02F66B02A50C78B4D70D /* Pods_InstaUITests.framework in Frameworks */,
			);
			runOnlyForDeploymentPostprocessing = 0;
		};
/* End PBXFrameworksBuildPhase section */

/* Begin PBXGroup section */
		1AC1B41EF019E99290BA6240 /* Frameworks */ = {
			isa = PBXGroup;
			children = (
				8E7E88EF333B6803560540CE /* Pods_Insta.framework */,
				8D10C62A4A87367AED2557AB /* Pods_InstaTests.framework */,
				70FA1A592D58224ED7ED9119 /* Pods_InstaUITests.framework */,
			);
			name = Frameworks;
			sourceTree = "<group>";
		};
		95B0F31E217BCA72008CB17B /* View Controllers */ = {
			isa = PBXGroup;
			children = (
				95E10D5021715C03000922C9 /* LoginViewController.swift */,
				95B0F31C217AB76F008CB17B /* CreateAcctViewController.swift */,
				95F4F53E21825EA8009A94E4 /* HomeViewController.swift */,
				95F4F54021825EBF009A94E4 /* DiscoverViewController.swift */,
				95F4F54221825ED2009A94E4 /* CameraViewController.swift */,
				95F4F54421825EE2009A94E4 /* ActivityViewController.swift */,
				95F4F54621825EF5009A94E4 /* ProfileViewController.swift */,
			);
			path = "View Controllers";
			sourceTree = "<group>";
		};
		95E10D1521715553000922C9 = {
			isa = PBXGroup;
			children = (
				95E10D2021715554000922C9 /* Insta */,
				95E10D3521715555000922C9 /* InstaTests */,
				95E10D4021715555000922C9 /* InstaUITests */,
				95E10D1F21715554000922C9 /* Products */,
				F34811B1FCF3E040D78FD526 /* Pods */,
				1AC1B41EF019E99290BA6240 /* Frameworks */,
			);
			sourceTree = "<group>";
		};
		95E10D1F21715554000922C9 /* Products */ = {
			isa = PBXGroup;
			children = (
				95E10D1E21715554000922C9 /* Insta.app */,
				95E10D3221715555000922C9 /* InstaTests.xctest */,
				95E10D3D21715555000922C9 /* InstaUITests.xctest */,
			);
			name = Products;
			sourceTree = "<group>";
		};
		95E10D2021715554000922C9 /* Insta */ = {
			isa = PBXGroup;
			children = (
				95F4F53D2182599D009A94E4 /* Storyboards */,
				95B0F31E217BCA72008CB17B /* View Controllers */,
				95E10D4F21715667000922C9 /* Resources */,
			);
			path = Insta;
			sourceTree = "<group>";
		};
		95E10D3521715555000922C9 /* InstaTests */ = {
			isa = PBXGroup;
			children = (
				95E10D3621715555000922C9 /* InstaTests.swift */,
				95E10D3821715555000922C9 /* Info.plist */,
			);
			path = InstaTests;
			sourceTree = "<group>";
		};
		95E10D4021715555000922C9 /* InstaUITests */ = {
			isa = PBXGroup;
			children = (
				95E10D4121715555000922C9 /* InstaUITests.swift */,
				95E10D4321715555000922C9 /* Info.plist */,
			);
			path = InstaUITests;
			sourceTree = "<group>";
		};
		95E10D4F21715667000922C9 /* Resources */ = {
			isa = PBXGroup;
			children = (
				95E10D2121715554000922C9 /* AppDelegate.swift */,
				95E10D2821715555000922C9 /* Assets.xcassets */,
				95E10D2A21715555000922C9 /* LaunchScreen.storyboard */,
				95E10D2D21715555000922C9 /* Info.plist */,
				95F4F5772187CDED009A94E4 /* GoogleService-Info.plist */,
			);
			path = Resources;
			sourceTree = "<group>";
		};
		95F4F53D2182599D009A94E4 /* Storyboards */ = {
			isa = PBXGroup;
			children = (
				95E10D2521715554000922C9 /* Login.storyboard */,
				95B0F31F217BCAF1008CB17B /* Main.storyboard */,
				95F4F53321825945009A94E4 /* Home.storyboard */,
				95F4F53521825951009A94E4 /* Discover.storyboard */,
				95F4F5372182595D009A94E4 /* Camera.storyboard */,
				95F4F5392182596E009A94E4 /* Activity.storyboard */,
				95F4F53B2182597F009A94E4 /* Profile.storyboard */,
			);
			path = Storyboards;
			sourceTree = "<group>";
		};
		F34811B1FCF3E040D78FD526 /* Pods */ = {
			isa = PBXGroup;
			children = (
				9FE22807F7A302FD54F2A4F5 /* Pods-Insta.debug.xcconfig */,
				C8B92B2F8B44A202DB699474 /* Pods-Insta.release.xcconfig */,
				5D4298CB5889EE17DF6B39DB /* Pods-InstaTests.debug.xcconfig */,
				D47C2BDFE7A745958D60E18B /* Pods-InstaTests.release.xcconfig */,
				4C5F3C4DEABBDECD4526E06A /* Pods-InstaUITests.debug.xcconfig */,
				AEE4D95C4C40B8276DBFC445 /* Pods-InstaUITests.release.xcconfig */,
			);
			name = Pods;
			sourceTree = "<group>";
		};
/* End PBXGroup section */

/* Begin PBXNativeTarget section */
		95E10D1D21715553000922C9 /* Insta */ = {
			isa = PBXNativeTarget;
			buildConfigurationList = 95E10D4621715555000922C9 /* Build configuration list for PBXNativeTarget "Insta" */;
			buildPhases = (
				F01982960A90818A905C3D97 /* [CP] Check Pods Manifest.lock */,
				95E10D1A21715553000922C9 /* Sources */,
				95E10D1B21715553000922C9 /* Frameworks */,
				95E10D1C21715553000922C9 /* Resources */,
				3E3EB393874BA8642C901376 /* [CP] Embed Pods Frameworks */,
			);
			buildRules = (
			);
			dependencies = (
			);
			name = Insta;
			productName = Insta;
			productReference = 95E10D1E21715554000922C9 /* Insta.app */;
			productType = "com.apple.product-type.application";
		};
		95E10D3121715555000922C9 /* InstaTests */ = {
			isa = PBXNativeTarget;
			buildConfigurationList = 95E10D4921715555000922C9 /* Build configuration list for PBXNativeTarget "InstaTests" */;
			buildPhases = (
				17D718741DBB17B8247EE848 /* [CP] Check Pods Manifest.lock */,
				95E10D2E21715555000922C9 /* Sources */,
				95E10D2F21715555000922C9 /* Frameworks */,
				95E10D3021715555000922C9 /* Resources */,
			);
			buildRules = (
			);
			dependencies = (
				95E10D3421715555000922C9 /* PBXTargetDependency */,
			);
			name = InstaTests;
			productName = InstaTests;
			productReference = 95E10D3221715555000922C9 /* InstaTests.xctest */;
			productType = "com.apple.product-type.bundle.unit-test";
		};
		95E10D3C21715555000922C9 /* InstaUITests */ = {
			isa = PBXNativeTarget;
			buildConfigurationList = 95E10D4C21715555000922C9 /* Build configuration list for PBXNativeTarget "InstaUITests" */;
			buildPhases = (
				8E742B4387D1540262725929 /* [CP] Check Pods Manifest.lock */,
				95E10D3921715555000922C9 /* Sources */,
				95E10D3A21715555000922C9 /* Frameworks */,
				95E10D3B21715555000922C9 /* Resources */,
			);
			buildRules = (
			);
			dependencies = (
				95E10D3F21715555000922C9 /* PBXTargetDependency */,
			);
			name = InstaUITests;
			productName = InstaUITests;
			productReference = 95E10D3D21715555000922C9 /* InstaUITests.xctest */;
			productType = "com.apple.product-type.bundle.ui-testing";
		};
/* End PBXNativeTarget section */

/* Begin PBXProject section */
		95E10D1621715553000922C9 /* Project object */ = {
			isa = PBXProject;
			attributes = {
				LastSwiftUpdateCheck = 1000;
				LastUpgradeCheck = 1000;
				ORGANIZATIONNAME = LuisPuentes;
				TargetAttributes = {
					95E10D1D21715553000922C9 = {
						CreatedOnToolsVersion = 10.0;
					};
					95E10D3121715555000922C9 = {
						CreatedOnToolsVersion = 10.0;
						TestTargetID = 95E10D1D21715553000922C9;
					};
					95E10D3C21715555000922C9 = {
						CreatedOnToolsVersion = 10.0;
						TestTargetID = 95E10D1D21715553000922C9;
					};
				};
			};
			buildConfigurationList = 95E10D1921715553000922C9 /* Build configuration list for PBXProject "Insta" */;
			compatibilityVersion = "Xcode 9.3";
			developmentRegion = en;
			hasScannedForEncodings = 0;
			knownRegions = (
				en,
				Base,
			);
			mainGroup = 95E10D1521715553000922C9;
			productRefGroup = 95E10D1F21715554000922C9 /* Products */;
			projectDirPath = "";
			projectRoot = "";
			targets = (
				95E10D1D21715553000922C9 /* Insta */,
				95E10D3121715555000922C9 /* InstaTests */,
				95E10D3C21715555000922C9 /* InstaUITests */,
			);
		};
/* End PBXProject section */

/* Begin PBXResourcesBuildPhase section */
		95E10D1C21715553000922C9 /* Resources */ = {
			isa = PBXResourcesBuildPhase;
			buildActionMask = 2147483647;
			files = (
				95E10D2C21715555000922C9 /* LaunchScreen.storyboard in Resources */,
				95F4F5382182595D009A94E4 /* Camera.storyboard in Resources */,
				95F4F53421825945009A94E4 /* Home.storyboard in Resources */,
				95E10D2921715555000922C9 /* Assets.xcassets in Resources */,
				95E10D2721715554000922C9 /* Login.storyboard in Resources */,
				95B0F320217BCAF1008CB17B /* Main.storyboard in Resources */,
				95F4F53C2182597F009A94E4 /* Profile.storyboard in Resources */,
				95F4F5782187CDED009A94E4 /* GoogleService-Info.plist in Resources */,
				95F4F53621825951009A94E4 /* Discover.storyboard in Resources */,
				95F4F53A2182596E009A94E4 /* Activity.storyboard in Resources */,
			);
			runOnlyForDeploymentPostprocessing = 0;
		};
		95E10D3021715555000922C9 /* Resources */ = {
			isa = PBXResourcesBuildPhase;
			buildActionMask = 2147483647;
			files = (
			);
			runOnlyForDeploymentPostprocessing = 0;
		};
		95E10D3B21715555000922C9 /* Resources */ = {
			isa = PBXResourcesBuildPhase;
			buildActionMask = 2147483647;
			files = (
			);
			runOnlyForDeploymentPostprocessing = 0;
		};
/* End PBXResourcesBuildPhase section */

/* Begin PBXShellScriptBuildPhase section */
		17D718741DBB17B8247EE848 /* [CP] Check Pods Manifest.lock */ = {
			isa = PBXShellScriptBuildPhase;
			buildActionMask = 2147483647;
			files = (
			);
			inputFileListPaths = (
			);
			inputPaths = (
				"${PODS_PODFILE_DIR_PATH}/Podfile.lock",
				"${PODS_ROOT}/Manifest.lock",
			);
			name = "[CP] Check Pods Manifest.lock";
			outputFileListPaths = (
			);
			outputPaths = (
				"$(DERIVED_FILE_DIR)/Pods-InstaTests-checkManifestLockResult.txt",
			);
			runOnlyForDeploymentPostprocessing = 0;
			shellPath = /bin/sh;
			shellScript = "diff \"${PODS_PODFILE_DIR_PATH}/Podfile.lock\" \"${PODS_ROOT}/Manifest.lock\" > /dev/null\nif [ $? != 0 ] ; then\n    # print error to STDERR\n    echo \"error: The sandbox is not in sync with the Podfile.lock. Run 'pod install' or update your CocoaPods installation.\" >&2\n    exit 1\nfi\n# This output is used by Xcode 'outputs' to avoid re-running this script phase.\necho \"SUCCESS\" > \"${SCRIPT_OUTPUT_FILE_0}\"\n";
			showEnvVarsInLog = 0;
		};
		3E3EB393874BA8642C901376 /* [CP] Embed Pods Frameworks */ = {
			isa = PBXShellScriptBuildPhase;
			buildActionMask = 2147483647;
			files = (
			);
			inputFileListPaths = (
			);
			inputPaths = (
				"${SRCROOT}/Pods/Target Support Files/Pods-Insta/Pods-Insta-frameworks.sh",
				"${BUILT_PRODUCTS_DIR}/GTMSessionFetcher/GTMSessionFetcher.framework",
				"${BUILT_PRODUCTS_DIR}/GoogleUtilities/GoogleUtilities.framework",
				"${BUILT_PRODUCTS_DIR}/leveldb-library/leveldb.framework",
				"${BUILT_PRODUCTS_DIR}/nanopb/nanopb.framework",
			);
			name = "[CP] Embed Pods Frameworks";
			outputFileListPaths = (
			);
			outputPaths = (
				"${TARGET_BUILD_DIR}/${FRAMEWORKS_FOLDER_PATH}/GTMSessionFetcher.framework",
				"${TARGET_BUILD_DIR}/${FRAMEWORKS_FOLDER_PATH}/GoogleUtilities.framework",
				"${TARGET_BUILD_DIR}/${FRAMEWORKS_FOLDER_PATH}/leveldb.framework",
				"${TARGET_BUILD_DIR}/${FRAMEWORKS_FOLDER_PATH}/nanopb.framework",
			);
			runOnlyForDeploymentPostprocessing = 0;
			shellPath = /bin/sh;
			shellScript = "\"${SRCROOT}/Pods/Target Support Files/Pods-Insta/Pods-Insta-frameworks.sh\"\n";
			showEnvVarsInLog = 0;
		};
		8E742B4387D1540262725929 /* [CP] Check Pods Manifest.lock */ = {
			isa = PBXShellScriptBuildPhase;
			buildActionMask = 2147483647;
			files = (
			);
			inputFileListPaths = (
			);
			inputPaths = (
				"${PODS_PODFILE_DIR_PATH}/Podfile.lock",
				"${PODS_ROOT}/Manifest.lock",
			);
			name = "[CP] Check Pods Manifest.lock";
			outputFileListPaths = (
			);
			outputPaths = (
				"$(DERIVED_FILE_DIR)/Pods-InstaUITests-checkManifestLockResult.txt",
			);
			runOnlyForDeploymentPostprocessing = 0;
			shellPath = /bin/sh;
			shellScript = "diff \"${PODS_PODFILE_DIR_PATH}/Podfile.lock\" \"${PODS_ROOT}/Manifest.lock\" > /dev/null\nif [ $? != 0 ] ; then\n    # print error to STDERR\n    echo \"error: The sandbox is not in sync with the Podfile.lock. Run 'pod install' or update your CocoaPods installation.\" >&2\n    exit 1\nfi\n# This output is used by Xcode 'outputs' to avoid re-running this script phase.\necho \"SUCCESS\" > \"${SCRIPT_OUTPUT_FILE_0}\"\n";
			showEnvVarsInLog = 0;
		};
		F01982960A90818A905C3D97 /* [CP] Check Pods Manifest.lock */ = {
			isa = PBXShellScriptBuildPhase;
			buildActionMask = 2147483647;
			files = (
			);
			inputFileListPaths = (
			);
			inputPaths = (
				"${PODS_PODFILE_DIR_PATH}/Podfile.lock",
				"${PODS_ROOT}/Manifest.lock",
			);
			name = "[CP] Check Pods Manifest.lock";
			outputFileListPaths = (
			);
			outputPaths = (
				"$(DERIVED_FILE_DIR)/Pods-Insta-checkManifestLockResult.txt",
			);
			runOnlyForDeploymentPostprocessing = 0;
			shellPath = /bin/sh;
			shellScript = "diff \"${PODS_PODFILE_DIR_PATH}/Podfile.lock\" \"${PODS_ROOT}/Manifest.lock\" > /dev/null\nif [ $? != 0 ] ; then\n    # print error to STDERR\n    echo \"error: The sandbox is not in sync with the Podfile.lock. Run 'pod install' or update your CocoaPods installation.\" >&2\n    exit 1\nfi\n# This output is used by Xcode 'outputs' to avoid re-running this script phase.\necho \"SUCCESS\" > \"${SCRIPT_OUTPUT_FILE_0}\"\n";
			showEnvVarsInLog = 0;
		};
/* End PBXShellScriptBuildPhase section */

/* Begin PBXSourcesBuildPhase section */
		95E10D1A21715553000922C9 /* Sources */ = {
			isa = PBXSourcesBuildPhase;
			buildActionMask = 2147483647;
			files = (
				95B0F31D217AB76F008CB17B /* CreateAcctViewController.swift in Sources */,
				95E10D5121715C03000922C9 /* LoginViewController.swift in Sources */,
				95E10D2221715554000922C9 /* AppDelegate.swift in Sources */,
				95F4F53F21825EA8009A94E4 /* HomeViewController.swift in Sources */,
				95F4F54521825EE2009A94E4 /* ActivityViewController.swift in Sources */,
				95F4F54121825EBF009A94E4 /* DiscoverViewController.swift in Sources */,
				95F4F54721825EF5009A94E4 /* ProfileViewController.swift in Sources */,
				95F4F54321825ED2009A94E4 /* CameraViewController.swift in Sources */,
			);
			runOnlyForDeploymentPostprocessing = 0;
		};
		95E10D2E21715555000922C9 /* Sources */ = {
			isa = PBXSourcesBuildPhase;
			buildActionMask = 2147483647;
			files = (
				95E10D3721715555000922C9 /* InstaTests.swift in Sources */,
			);
			runOnlyForDeploymentPostprocessing = 0;
		};
		95E10D3921715555000922C9 /* Sources */ = {
			isa = PBXSourcesBuildPhase;
			buildActionMask = 2147483647;
			files = (
				95E10D4221715555000922C9 /* InstaUITests.swift in Sources */,
			);
			runOnlyForDeploymentPostprocessing = 0;
		};
/* End PBXSourcesBuildPhase section */

/* Begin PBXTargetDependency section */
		95E10D3421715555000922C9 /* PBXTargetDependency */ = {
			isa = PBXTargetDependency;
			target = 95E10D1D21715553000922C9 /* Insta */;
			targetProxy = 95E10D3321715555000922C9 /* PBXContainerItemProxy */;
		};
		95E10D3F21715555000922C9 /* PBXTargetDependency */ = {
			isa = PBXTargetDependency;
			target = 95E10D1D21715553000922C9 /* Insta */;
			targetProxy = 95E10D3E21715555000922C9 /* PBXContainerItemProxy */;
		};
/* End PBXTargetDependency section */

/* Begin PBXVariantGroup section */
		95E10D2521715554000922C9 /* Login.storyboard */ = {
			isa = PBXVariantGroup;
			children = (
				95E10D2621715554000922C9 /* Base */,
			);
			name = Login.storyboard;
			sourceTree = "<group>";
		};
		95E10D2A21715555000922C9 /* LaunchScreen.storyboard */ = {
			isa = PBXVariantGroup;
			children = (
				95E10D2B21715555000922C9 /* Base */,
			);
			name = LaunchScreen.storyboard;
			sourceTree = "<group>";
		};
/* End PBXVariantGroup section */

/* Begin XCBuildConfiguration section */
		95E10D4421715555000922C9 /* Debug */ = {
			isa = XCBuildConfiguration;
			buildSettings = {
				ALWAYS_SEARCH_USER_PATHS = NO;
				CLANG_ANALYZER_NONNULL = YES;
				CLANG_ANALYZER_NUMBER_OBJECT_CONVERSION = YES_AGGRESSIVE;
				CLANG_CXX_LANGUAGE_STANDARD = "gnu++14";
				CLANG_CXX_LIBRARY = "libc++";
				CLANG_ENABLE_MODULES = YES;
				CLANG_ENABLE_OBJC_ARC = YES;
				CLANG_ENABLE_OBJC_WEAK = YES;
				CLANG_WARN_BLOCK_CAPTURE_AUTORELEASING = YES;
				CLANG_WARN_BOOL_CONVERSION = YES;
				CLANG_WARN_COMMA = YES;
				CLANG_WARN_CONSTANT_CONVERSION = YES;
				CLANG_WARN_DEPRECATED_OBJC_IMPLEMENTATIONS = YES;
				CLANG_WARN_DIRECT_OBJC_ISA_USAGE = YES_ERROR;
				CLANG_WARN_DOCUMENTATION_COMMENTS = YES;
				CLANG_WARN_EMPTY_BODY = YES;
				CLANG_WARN_ENUM_CONVERSION = YES;
				CLANG_WARN_INFINITE_RECURSION = YES;
				CLANG_WARN_INT_CONVERSION = YES;
				CLANG_WARN_NON_LITERAL_NULL_CONVERSION = YES;
				CLANG_WARN_OBJC_IMPLICIT_RETAIN_SELF = YES;
				CLANG_WARN_OBJC_LITERAL_CONVERSION = YES;
				CLANG_WARN_OBJC_ROOT_CLASS = YES_ERROR;
				CLANG_WARN_RANGE_LOOP_ANALYSIS = YES;
				CLANG_WARN_STRICT_PROTOTYPES = YES;
				CLANG_WARN_SUSPICIOUS_MOVE = YES;
				CLANG_WARN_UNGUARDED_AVAILABILITY = YES_AGGRESSIVE;
				CLANG_WARN_UNREACHABLE_CODE = YES;
				CLANG_WARN__DUPLICATE_METHOD_MATCH = YES;
				CODE_SIGN_IDENTITY = "iPhone Developer";
				COPY_PHASE_STRIP = NO;
				DEBUG_INFORMATION_FORMAT = dwarf;
				ENABLE_STRICT_OBJC_MSGSEND = YES;
				ENABLE_TESTABILITY = YES;
				GCC_C_LANGUAGE_STANDARD = gnu11;
				GCC_DYNAMIC_NO_PIC = NO;
				GCC_NO_COMMON_BLOCKS = YES;
				GCC_OPTIMIZATION_LEVEL = 0;
				GCC_PREPROCESSOR_DEFINITIONS = (
					"DEBUG=1",
					"$(inherited)",
				);
				GCC_WARN_64_TO_32_BIT_CONVERSION = YES;
				GCC_WARN_ABOUT_RETURN_TYPE = YES_ERROR;
				GCC_WARN_UNDECLARED_SELECTOR = YES;
				GCC_WARN_UNINITIALIZED_AUTOS = YES_AGGRESSIVE;
				GCC_WARN_UNUSED_FUNCTION = YES;
				GCC_WARN_UNUSED_VARIABLE = YES;
				IPHONEOS_DEPLOYMENT_TARGET = 12.0;
				MTL_ENABLE_DEBUG_INFO = INCLUDE_SOURCE;
				MTL_FAST_MATH = YES;
				ONLY_ACTIVE_ARCH = YES;
				SDKROOT = iphoneos;
				SWIFT_ACTIVE_COMPILATION_CONDITIONS = DEBUG;
				SWIFT_OPTIMIZATION_LEVEL = "-Onone";
			};
			name = Debug;
		};
		95E10D4521715555000922C9 /* Release */ = {
			isa = XCBuildConfiguration;
			buildSettings = {
				ALWAYS_SEARCH_USER_PATHS = NO;
				CLANG_ANALYZER_NONNULL = YES;
				CLANG_ANALYZER_NUMBER_OBJECT_CONVERSION = YES_AGGRESSIVE;
				CLANG_CXX_LANGUAGE_STANDARD = "gnu++14";
				CLANG_CXX_LIBRARY = "libc++";
				CLANG_ENABLE_MODULES = YES;
				CLANG_ENABLE_OBJC_ARC = YES;
				CLANG_ENABLE_OBJC_WEAK = YES;
				CLANG_WARN_BLOCK_CAPTURE_AUTORELEASING = YES;
				CLANG_WARN_BOOL_CONVERSION = YES;
				CLANG_WARN_COMMA = YES;
				CLANG_WARN_CONSTANT_CONVERSION = YES;
				CLANG_WARN_DEPRECATED_OBJC_IMPLEMENTATIONS = YES;
				CLANG_WARN_DIRECT_OBJC_ISA_USAGE = YES_ERROR;
				CLANG_WARN_DOCUMENTATION_COMMENTS = YES;
				CLANG_WARN_EMPTY_BODY = YES;
				CLANG_WARN_ENUM_CONVERSION = YES;
				CLANG_WARN_INFINITE_RECURSION = YES;
				CLANG_WARN_INT_CONVERSION = YES;
				CLANG_WARN_NON_LITERAL_NULL_CONVERSION = YES;
				CLANG_WARN_OBJC_IMPLICIT_RETAIN_SELF = YES;
				CLANG_WARN_OBJC_LITERAL_CONVERSION = YES;
				CLANG_WARN_OBJC_ROOT_CLASS = YES_ERROR;
				CLANG_WARN_RANGE_LOOP_ANALYSIS = YES;
				CLANG_WARN_STRICT_PROTOTYPES = YES;
				CLANG_WARN_SUSPICIOUS_MOVE = YES;
				CLANG_WARN_UNGUARDED_AVAILABILITY = YES_AGGRESSIVE;
				CLANG_WARN_UNREACHABLE_CODE = YES;
				CLANG_WARN__DUPLICATE_METHOD_MATCH = YES;
				CODE_SIGN_IDENTITY = "iPhone Developer";
				COPY_PHASE_STRIP = NO;
				DEBUG_INFORMATION_FORMAT = "dwarf-with-dsym";
				ENABLE_NS_ASSERTIONS = NO;
				ENABLE_STRICT_OBJC_MSGSEND = YES;
				GCC_C_LANGUAGE_STANDARD = gnu11;
				GCC_NO_COMMON_BLOCKS = YES;
				GCC_WARN_64_TO_32_BIT_CONVERSION = YES;
				GCC_WARN_ABOUT_RETURN_TYPE = YES_ERROR;
				GCC_WARN_UNDECLARED_SELECTOR = YES;
				GCC_WARN_UNINITIALIZED_AUTOS = YES_AGGRESSIVE;
				GCC_WARN_UNUSED_FUNCTION = YES;
				GCC_WARN_UNUSED_VARIABLE = YES;
				IPHONEOS_DEPLOYMENT_TARGET = 12.0;
				MTL_ENABLE_DEBUG_INFO = NO;
				MTL_FAST_MATH = YES;
				SDKROOT = iphoneos;
				SWIFT_COMPILATION_MODE = wholemodule;
				SWIFT_OPTIMIZATION_LEVEL = "-O";
				VALIDATE_PRODUCT = YES;
			};
			name = Release;
		};
		95E10D4721715555000922C9 /* Debug */ = {
			isa = XCBuildConfiguration;
			baseConfigurationReference = 9FE22807F7A302FD54F2A4F5 /* Pods-Insta.debug.xcconfig */;
			buildSettings = {
				ASSETCATALOG_COMPILER_APPICON_NAME = AppIcon;
				CODE_SIGN_STYLE = Automatic;
				DEVELOPMENT_TEAM = H9L7P6ZCN6;
				INFOPLIST_FILE = "$(SRCROOT)/Insta/Resources/Info.plist";
				LD_RUNPATH_SEARCH_PATHS = (
					"$(inherited)",
					"@executable_path/Frameworks",
				);
				PRODUCT_BUNDLE_IDENTIFIER = com.Insta;
				PRODUCT_NAME = "$(TARGET_NAME)";
				SWIFT_VERSION = 4.2;
				TARGETED_DEVICE_FAMILY = "1,2";
			};
			name = Debug;
		};
		95E10D4821715555000922C9 /* Release */ = {
			isa = XCBuildConfiguration;
			baseConfigurationReference = C8B92B2F8B44A202DB699474 /* Pods-Insta.release.xcconfig */;
			buildSettings = {
				ASSETCATALOG_COMPILER_APPICON_NAME = AppIcon;
				CODE_SIGN_STYLE = Automatic;
				DEVELOPMENT_TEAM = H9L7P6ZCN6;
				INFOPLIST_FILE = "$(SRCROOT)/Insta/Resources/Info.plist";
				LD_RUNPATH_SEARCH_PATHS = (
					"$(inherited)",
					"@executable_path/Frameworks",
				);
				PRODUCT_BUNDLE_IDENTIFIER = com.Insta;
				PRODUCT_NAME = "$(TARGET_NAME)";
				SWIFT_VERSION = 4.2;
				TARGETED_DEVICE_FAMILY = "1,2";
			};
			name = Release;
		};
		95E10D4A21715555000922C9 /* Debug */ = {
			isa = XCBuildConfiguration;
			baseConfigurationReference = 5D4298CB5889EE17DF6B39DB /* Pods-InstaTests.debug.xcconfig */;
			buildSettings = {
				ALWAYS_EMBED_SWIFT_STANDARD_LIBRARIES = YES;
				BUNDLE_LOADER = "$(TEST_HOST)";
				CODE_SIGN_STYLE = Automatic;
				DEVELOPMENT_TEAM = H9L7P6ZCN6;
				INFOPLIST_FILE = InstaTests/Info.plist;
				LD_RUNPATH_SEARCH_PATHS = (
					"$(inherited)",
					"@executable_path/Frameworks",
					"@loader_path/Frameworks",
				);
				PRODUCT_BUNDLE_IDENTIFIER = com.InstaTests;
				PRODUCT_NAME = "$(TARGET_NAME)";
				SWIFT_VERSION = 4.2;
				TARGETED_DEVICE_FAMILY = "1,2";
				TEST_HOST = "$(BUILT_PRODUCTS_DIR)/Insta.app/Insta";
			};
			name = Debug;
		};
		95E10D4B21715555000922C9 /* Release */ = {
			isa = XCBuildConfiguration;
			baseConfigurationReference = D47C2BDFE7A745958D60E18B /* Pods-InstaTests.release.xcconfig */;
			buildSettings = {
				ALWAYS_EMBED_SWIFT_STANDARD_LIBRARIES = YES;
				BUNDLE_LOADER = "$(TEST_HOST)";
				CODE_SIGN_STYLE = Automatic;
				DEVELOPMENT_TEAM = H9L7P6ZCN6;
				INFOPLIST_FILE = InstaTests/Info.plist;
				LD_RUNPATH_SEARCH_PATHS = (
					"$(inherited)",
					"@executable_path/Frameworks",
					"@loader_path/Frameworks",
				);
				PRODUCT_BUNDLE_IDENTIFIER = com.InstaTests;
				PRODUCT_NAME = "$(TARGET_NAME)";
				SWIFT_VERSION = 4.2;
				TARGETED_DEVICE_FAMILY = "1,2";
				TEST_HOST = "$(BUILT_PRODUCTS_DIR)/Insta.app/Insta";
			};
			name = Release;
		};
		95E10D4D21715555000922C9 /* Debug */ = {
			isa = XCBuildConfiguration;
			baseConfigurationReference = 4C5F3C4DEABBDECD4526E06A /* Pods-InstaUITests.debug.xcconfig */;
			buildSettings = {
				ALWAYS_EMBED_SWIFT_STANDARD_LIBRARIES = YES;
				CODE_SIGN_STYLE = Automatic;
				DEVELOPMENT_TEAM = H9L7P6ZCN6;
				INFOPLIST_FILE = InstaUITests/Info.plist;
				LD_RUNPATH_SEARCH_PATHS = (
					"$(inherited)",
					"@executable_path/Frameworks",
					"@loader_path/Frameworks",
				);
				PRODUCT_BUNDLE_IDENTIFIER = com.InstaUITests;
				PRODUCT_NAME = "$(TARGET_NAME)";
				SWIFT_VERSION = 4.2;
				TARGETED_DEVICE_FAMILY = "1,2";
				TEST_TARGET_NAME = Insta;
			};
			name = Debug;
		};
		95E10D4E21715555000922C9 /* Release */ = {
			isa = XCBuildConfiguration;
			baseConfigurationReference = AEE4D95C4C40B8276DBFC445 /* Pods-InstaUITests.release.xcconfig */;
			buildSettings = {
				ALWAYS_EMBED_SWIFT_STANDARD_LIBRARIES = YES;
				CODE_SIGN_STYLE = Automatic;
				DEVELOPMENT_TEAM = H9L7P6ZCN6;
				INFOPLIST_FILE = InstaUITests/Info.plist;
				LD_RUNPATH_SEARCH_PATHS = (
					"$(inherited)",
					"@executable_path/Frameworks",
					"@loader_path/Frameworks",
				);
				PRODUCT_BUNDLE_IDENTIFIER = com.InstaUITests;
				PRODUCT_NAME = "$(TARGET_NAME)";
				SWIFT_VERSION = 4.2;
				TARGETED_DEVICE_FAMILY = "1,2";
				TEST_TARGET_NAME = Insta;
			};
			name = Release;
		};
/* End XCBuildConfiguration section */

/* Begin XCConfigurationList section */
		95E10D1921715553000922C9 /* Build configuration list for PBXProject "Insta" */ = {
			isa = XCConfigurationList;
			buildConfigurations = (
				95E10D4421715555000922C9 /* Debug */,
				95E10D4521715555000922C9 /* Release */,
			);
			defaultConfigurationIsVisible = 0;
			defaultConfigurationName = Release;
		};
		95E10D4621715555000922C9 /* Build configuration list for PBXNativeTarget "Insta" */ = {
			isa = XCConfigurationList;
			buildConfigurations = (
				95E10D4721715555000922C9 /* Debug */,
				95E10D4821715555000922C9 /* Release */,
			);
			defaultConfigurationIsVisible = 0;
			defaultConfigurationName = Release;
		};
		95E10D4921715555000922C9 /* Build configuration list for PBXNativeTarget "InstaTests" */ = {
			isa = XCConfigurationList;
			buildConfigurations = (
				95E10D4A21715555000922C9 /* Debug */,
				95E10D4B21715555000922C9 /* Release */,
			);
			defaultConfigurationIsVisible = 0;
			defaultConfigurationName = Release;
		};
		95E10D4C21715555000922C9 /* Build configuration list for PBXNativeTarget "InstaUITests" */ = {
			isa = XCConfigurationList;
			buildConfigurations = (
				95E10D4D21715555000922C9 /* Debug */,
				95E10D4E21715555000922C9 /* Release */,
			);
			defaultConfigurationIsVisible = 0;
			defaultConfigurationName = Release;
		};
/* End XCConfigurationList section */
	};
	rootObject = 95E10D1621715553000922C9 /* Project object */;
}
